
Microsoft Visual Studio Solution File, Format Version 12.00
# Visual Studio Version 17
VisualStudioVersion = 17.0.31903.59
MinimumVisualStudioVersion = 10.0.40219.1
Project("{9A19103F-16F7-4668-BE54-9A1E7A4F7556}") = "MediaApp", "src\MediaApp\MediaApp.csproj", "{B6312B92-708A-4BF2-B3F2-869128DE2FC6}"
EndProject
Project("{FAE04EC0-301F-11D3-BF4B-00C04F79EFBC}") = "MediaApp.Tests", "test\MediaApp.Tests\MediaApp.Tests.csproj", "{4D616078-4D03-42D9-9737-044A4CDF6D5E}"
EndProject
Global
	GlobalSection(SolutionConfigurationPlatforms) = preSolution
		Debug|Any CPU = Debug|Any CPU
		Release|Any CPU = Release|Any CPU
	EndGlobalSection
	GlobalSection(ProjectConfigurationPlatforms) = postSolution
		{B6312B92-708A-4BF2-B3F2-869128DE2FC6}.Debug|Any CPU.ActiveCfg = Debug|Any CPU
		{B6312B92-708A-4BF2-B3F2-869128DE2FC6}.Debug|Any CPU.Build.0 = Debug|Any CPU
		{B6312B92-708A-4BF2-B3F2-869128DE2FC6}.Debug|Any CPU.Deploy.0 = Debug|Any CPU
		{B6312B92-708A-4BF2-B3F2-869128DE2FC6}.Release|Any CPU.ActiveCfg = Release|Any CPU
		{B6312B92-708A-4BF2-B3F2-869128DE2FC6}.Release|Any CPU.Build.0 = Release|Any CPU
		{B6312B92-708A-4BF2-B3F2-869128DE2FC6}.Release|Any CPU.Deploy.0 = Release|Any CPU
		{4D616078-4D03-42D9-9737-044A4CDF6D5E}.Debug|Any CPU.ActiveCfg = Debug|Any CPU
		{4D616078-4D03-42D9-9737-044A4CDF6D5E}.Debug|Any CPU.Build.0 = Debug|Any CPU
		{4D616078-4D03-42D9-9737-044A4CDF6D5E}.Release|Any CPU.ActiveCfg = Release|Any CPU
		{4D616078-4D03-42D9-9737-044A4CDF6D5E}.Release|Any CPU.Build.0 = Release|Any CPU
	EndGlobalSection
	GlobalSection(SolutionProperties) = preSolution
		HideSolutionNode = FALSE
	EndGlobalSection
	GlobalSection(ExtensibilityGlobals) = postSolution
		SolutionGuid = {0A72247B-0D70-44AA-B534-63E816BE7177}
	EndGlobalSection
EndGlobal
